// !$*UTF8*$!
{
	archiveVersion = 1;
	classes = {
	};
	objectVersion = 55;
	objects = {

/* Begin PBXBuildFile section */
		507738465062118D06CA32B2 /* Pods_ImageTracker.framework in Frameworks */ = {isa = PBXBuildFile; fileRef = B37423F67481DF1962726B6B /* Pods_ImageTracker.framework */; };
		AE76685828C5DF5F00B9C520 /* kg.mp4 in Resources */ = {isa = PBXBuildFile; fileRef = AE76685728C5DF5F00B9C520 /* kg.mp4 */; };
		AE77E67828C1342100F9A440 /* AppDelegate.swift in Sources */ = {isa = PBXBuildFile; fileRef = AE77E67728C1342100F9A440 /* AppDelegate.swift */; };
		AE77E67A28C1342100F9A440 /* art.scnassets in Resources */ = {isa = PBXBuildFile; fileRef = AE77E67928C1342100F9A440 /* art.scnassets */; };
		AE77E67C28C1342100F9A440 /* ViewController.swift in Sources */ = {isa = PBXBuildFile; fileRef = AE77E67B28C1342100F9A440 /* ViewController.swift */; };
		AE77E67F28C1342100F9A440 /* Main.storyboard in Resources */ = {isa = PBXBuildFile; fileRef = AE77E67D28C1342100F9A440 /* Main.storyboard */; };
		AE77E68128C1342100F9A440 /* Assets.xcassets in Resources */ = {isa = PBXBuildFile; fileRef = AE77E68028C1342100F9A440 /* Assets.xcassets */; };
		AE77E68428C1342100F9A440 /* LaunchScreen.storyboard in Resources */ = {isa = PBXBuildFile; fileRef = AE77E68228C1342100F9A440 /* LaunchScreen.storyboard */; };
		AE77E68B28C134A300F9A440 /* itachiamv.mp4 in Resources */ = {isa = PBXBuildFile; fileRef = AE77E68A28C134A300F9A440 /* itachiamv.mp4 */; };
		AE9A8EC028C3A8A500BD5724 /* HomeViewController.swift in Sources */ = {isa = PBXBuildFile; fileRef = AE9A8EBF28C3A8A500BD5724 /* HomeViewController.swift */; };
/* End PBXBuildFile section */

/* Begin PBXFileReference section */
		632E755EDAB4003506F7B8D1 /* Pods-ImageTracker.release.xcconfig */ = {isa = PBXFileReference; includeInIndex = 1; lastKnownFileType = text.xcconfig; name = "Pods-ImageTracker.release.xcconfig"; path = "Target Support Files/Pods-ImageTracker/Pods-ImageTracker.release.xcconfig"; sourceTree = "<group>"; };
		95929CCB3CBE6428F1DE9E14 /* Pods-ImageTracker.debug.xcconfig */ = {isa = PBXFileReference; includeInIndex = 1; lastKnownFileType = text.xcconfig; name = "Pods-ImageTracker.debug.xcconfig"; path = "Target Support Files/Pods-ImageTracker/Pods-ImageTracker.debug.xcconfig"; sourceTree = "<group>"; };
		AE52C39428C5CD160040CB3A /* forTrack1.heic */ = {isa = PBXFileReference; lastKnownFileType = file; name = forTrack1.heic; path = ../../../../Downloads/forTrack1.heic; sourceTree = "<group>"; };
		AE76685728C5DF5F00B9C520 /* kg.mp4 */ = {isa = PBXFileReference; lastKnownFileType = file; name = kg.mp4; path = ../../../../../Downloads/kg.mp4; sourceTree = "<group>"; };
		AE77E67428C1342100F9A440 /* ImageTracker.app */ = {isa = PBXFileReference; explicitFileType = wrapper.application; includeInIndex = 0; path = ImageTracker.app; sourceTree = BUILT_PRODUCTS_DIR; };
		AE77E67728C1342100F9A440 /* AppDelegate.swift */ = {isa = PBXFileReference; lastKnownFileType = sourcecode.swift; path = AppDelegate.swift; sourceTree = "<group>"; };
		AE77E67928C1342100F9A440 /* art.scnassets */ = {isa = PBXFileReference; lastKnownFileType = wrapper.scnassets; path = art.scnassets; sourceTree = "<group>"; };
		AE77E67B28C1342100F9A440 /* ViewController.swift */ = {isa = PBXFileReference; lastKnownFileType = sourcecode.swift; path = ViewController.swift; sourceTree = "<group>"; };
		AE77E67E28C1342100F9A440 /* Base */ = {isa = PBXFileReference; lastKnownFileType = file.storyboard; name = Base; path = Base.lproj/Main.storyboard; sourceTree = "<group>"; };
		AE77E68028C1342100F9A440 /* Assets.xcassets */ = {isa = PBXFileReference; lastKnownFileType = folder.assetcatalog; path = Assets.xcassets; sourceTree = "<group>"; };
		AE77E68328C1342100F9A440 /* Base */ = {isa = PBXFileReference; lastKnownFileType = file.storyboard; name = Base; path = Base.lproj/LaunchScreen.storyboard; sourceTree = "<group>"; };
		AE77E68A28C134A300F9A440 /* itachiamv.mp4 */ = {isa = PBXFileReference; lastKnownFileType = file; path = itachiamv.mp4; sourceTree = "<group>"; };
		AE9A8EBF28C3A8A500BD5724 /* HomeViewController.swift */ = {isa = PBXFileReference; lastKnownFileType = sourcecode.swift; path = HomeViewController.swift; sourceTree = "<group>"; };
		B37423F67481DF1962726B6B /* Pods_ImageTracker.framework */ = {isa = PBXFileReference; explicitFileType = wrapper.framework; includeInIndex = 0; path = Pods_ImageTracker.framework; sourceTree = BUILT_PRODUCTS_DIR; };
/* End PBXFileReference section */

/* Begin PBXFrameworksBuildPhase section */
		AE77E67128C1342100F9A440 /* Frameworks */ = {
			isa = PBXFrameworksBuildPhase;
			buildActionMask = 2147483647;
			files = (
				507738465062118D06CA32B2 /* Pods_ImageTracker.framework in Frameworks */,
			);
			runOnlyForDeploymentPostprocessing = 0;
		};
/* End PBXFrameworksBuildPhase section */

/* Begin PBXGroup section */
		1C209B070008F05011CB73A4 /* Frameworks */ = {
			isa = PBXGroup;
			children = (
				B37423F67481DF1962726B6B /* Pods_ImageTracker.framework */,
			);
			name = Frameworks;
			sourceTree = "<group>";
		};
		3571F72456AFA46B530AFC6C /* Pods */ = {
			isa = PBXGroup;
			children = (
				95929CCB3CBE6428F1DE9E14 /* Pods-ImageTracker.debug.xcconfig */,
				632E755EDAB4003506F7B8D1 /* Pods-ImageTracker.release.xcconfig */,
			);
			path = Pods;
			sourceTree = "<group>";
		};
		AE77E66B28C1342100F9A440 = {
			isa = PBXGroup;
			children = (
				AE77E67628C1342100F9A440 /* ImageTracker */,
				AE77E67528C1342100F9A440 /* Products */,
				3571F72456AFA46B530AFC6C /* Pods */,
				1C209B070008F05011CB73A4 /* Frameworks */,
			);
			sourceTree = "<group>";
		};
		AE77E67528C1342100F9A440 /* Products */ = {
			isa = PBXGroup;
			children = (
				AE77E67428C1342100F9A440 /* ImageTracker.app */,
			);
			name = Products;
			sourceTree = "<group>";
		};
		AE77E67628C1342100F9A440 /* ImageTracker */ = {
			isa = PBXGroup;
			children = (
				AE77E67728C1342100F9A440 /* AppDelegate.swift */,
				AE77E67928C1342100F9A440 /* art.scnassets */,
				AE77E67B28C1342100F9A440 /* ViewController.swift */,
				AE9A8EBF28C3A8A500BD5724 /* HomeViewController.swift */,
				AE77E67D28C1342100F9A440 /* Main.storyboard */,
				AE77E68028C1342100F9A440 /* Assets.xcassets */,
				AE52C39428C5CD160040CB3A /* forTrack1.heic */,
				AE77E68C28C134AB00F9A440 /* Resources */,
				AE77E68228C1342100F9A440 /* LaunchScreen.storyboard */,
			);
			path = ImageTracker;
			sourceTree = "<group>";
		};
		AE77E68C28C134AB00F9A440 /* Resources */ = {
			isa = PBXGroup;
			children = (
				AE76685728C5DF5F00B9C520 /* kg.mp4 */,
				AE77E68A28C134A300F9A440 /* itachiamv.mp4 */,
			);
			path = Resources;
			sourceTree = "<group>";
		};
/* End PBXGroup section */

/* Begin PBXNativeTarget section */
		AE77E67328C1342100F9A440 /* ImageTracker */ = {
			isa = PBXNativeTarget;
			buildConfigurationList = AE77E68728C1342100F9A440 /* Build configuration list for PBXNativeTarget "ImageTracker" */;
			buildPhases = (
				B38F7831893DF70EBBD0AE64 /* [CP] Check Pods Manifest.lock */,
				AE77E67028C1342100F9A440 /* Sources */,
				AE77E67128C1342100F9A440 /* Frameworks */,
				AE77E67228C1342100F9A440 /* Resources */,
				6FECBD2BF9A32C94F53A1238 /* [CP] Embed Pods Frameworks */,
			);
			buildRules = (
			);
			dependencies = (
			);
			name = ImageTracker;
			productName = ImageTracker;
			productReference = AE77E67428C1342100F9A440 /* ImageTracker.app */;
			productType = "com.apple.product-type.application";
		};
/* End PBXNativeTarget section */

/* Begin PBXProject section */
		AE77E66C28C1342100F9A440 /* Project object */ = {
			isa = PBXProject;
			attributes = {
				BuildIndependentTargetsInParallel = 1;
				LastSwiftUpdateCheck = 1340;
				LastUpgradeCheck = 1340;
				TargetAttributes = {
					AE77E67328C1342100F9A440 = {
						CreatedOnToolsVersion = 13.4.1;
					};
				};
			};
			buildConfigurationList = AE77E66F28C1342100F9A440 /* Build configuration list for PBXProject "ImageTracker" */;
			compatibilityVersion = "Xcode 13.0";
			developmentRegion = en;
			hasScannedForEncodings = 0;
			knownRegions = (
				en,
				Base,
			);
			mainGroup = AE77E66B28C1342100F9A440;
			productRefGroup = AE77E67528C1342100F9A440 /* Products */;
			projectDirPath = "";
			projectRoot = "";
			targets = (
				AE77E67328C1342100F9A440 /* ImageTracker */,
			);
		};
/* End PBXProject section */

/* Begin PBXResourcesBuildPhase section */
		AE77E67228C1342100F9A440 /* Resources */ = {
			isa = PBXResourcesBuildPhase;
			buildActionMask = 2147483647;
			files = (
				AE77E67A28C1342100F9A440 /* art.scnassets in Resources */,
				AE76685828C5DF5F00B9C520 /* kg.mp4 in Resources */,
				AE77E68428C1342100F9A440 /* LaunchScreen.storyboard in Resources */,
				AE77E68B28C134A300F9A440 /* itachiamv.mp4 in Resources */,
				AE77E68128C1342100F9A440 /* Assets.xcassets in Resources */,
				AE77E67F28C1342100F9A440 /* Main.storyboard in Resources */,
			);
			runOnlyForDeploymentPostprocessing = 0;
		};
/* End PBXResourcesBuildPhase section */

/* Begin PBXShellScriptBuildPhase section */
		6FECBD2BF9A32C94F53A1238 /* [CP] Embed Pods Frameworks */ = {
			isa = PBXShellScriptBuildPhase;
			buildActionMask = 2147483647;
			files = (
			);
			inputFileListPaths = (
				"${PODS_ROOT}/Target Support Files/Pods-ImageTracker/Pods-ImageTracker-frameworks-${CONFIGURATION}-input-files.xcfilelist",
			);
			name = "[CP] Embed Pods Frameworks";
			outputFileListPaths = (
				"${PODS_ROOT}/Target Support Files/Pods-ImageTracker/Pods-ImageTracker-frameworks-${CONFIGURATION}-output-files.xcfilelist",
			);
			runOnlyForDeploymentPostprocessing = 0;
			shellPath = /bin/sh;
			shellScript = "\"${PODS_ROOT}/Target Support Files/Pods-ImageTracker/Pods-ImageTracker-frameworks.sh\"\n";
			showEnvVarsInLog = 0;
		};
		B38F7831893DF70EBBD0AE64 /* [CP] Check Pods Manifest.lock */ = {
			isa = PBXShellScriptBuildPhase;
			buildActionMask = 2147483647;
			files = (
			);
			inputFileListPaths = (
			);
			inputPaths = (
				"${PODS_PODFILE_DIR_PATH}/Podfile.lock",
				"${PODS_ROOT}/Manifest.lock",
			);
			name = "[CP] Check Pods Manifest.lock";
			outputFileListPaths = (
			);
			outputPaths = (
				"$(DERIVED_FILE_DIR)/Pods-ImageTracker-checkManifestLockResult.txt",
			);
			runOnlyForDeploymentPostprocessing = 0;
			shellPath = /bin/sh;
			shellScript = "diff \"${PODS_PODFILE_DIR_PATH}/Podfile.lock\" \"${PODS_ROOT}/Manifest.lock\" > /dev/null\nif [ $? != 0 ] ; then\n    # print error to STDERR\n    echo \"error: The sandbox is not in sync with the Podfile.lock. Run 'pod install' or update your CocoaPods installation.\" >&2\n    exit 1\nfi\n# This output is used by Xcode 'outputs' to avoid re-running this script phase.\necho \"SUCCESS\" > \"${SCRIPT_OUTPUT_FILE_0}\"\n";
			showEnvVarsInLog = 0;
		};
/* End PBXShellScriptBuildPhase section */

/* Begin PBXSourcesBuildPhase section */
		AE77E67028C1342100F9A440 /* Sources */ = {
			isa = PBXSourcesBuildPhase;
			buildActionMask = 2147483647;
			files = (
				AE77E67C28C1342100F9A440 /* ViewController.swift in Sources */,
				AE77E67828C1342100F9A440 /* AppDelegate.swift in Sources */,
				AE9A8EC028C3A8A500BD5724 /* HomeViewController.swift in Sources */,
			);
			runOnlyForDeploymentPostprocessing = 0;
		};
/* End PBXSourcesBuildPhase section */

/* Begin PBXVariantGroup section */
		AE77E67D28C1342100F9A440 /* Main.storyboard */ = {
			isa = PBXVariantGroup;
			children = (
				AE77E67E28C1342100F9A440 /* Base */,
			);
			name = Main.storyboard;
			sourceTree = "<group>";
		};
		AE77E68228C1342100F9A440 /* LaunchScreen.storyboard */ = {
			isa = PBXVariantGroup;
			children = (
				AE77E68328C1342100F9A440 /* Base */,
			);
			name = LaunchScreen.storyboard;
			sourceTree = "<group>";
		};
/* End PBXVariantGroup section */

/* Begin XCBuildConfiguration section */
		AE77E68528C1342100F9A440 /* Debug */ = {
			isa = XCBuildConfiguration;
			buildSettings = {
				ALWAYS_SEARCH_USER_PATHS = NO;
				CLANG_ANALYZER_NONNULL = YES;
				CLANG_ANALYZER_NUMBER_OBJECT_CONVERSION = YES_AGGRESSIVE;
				CLANG_CXX_LANGUAGE_STANDARD = "gnu++17";
				CLANG_ENABLE_MODULES = YES;
				CLANG_ENABLE_OBJC_ARC = YES;
				CLANG_ENABLE_OBJC_WEAK = YES;
				CLANG_WARN_BLOCK_CAPTURE_AUTORELEASING = YES;
				CLANG_WARN_BOOL_CONVERSION = YES;
				CLANG_WARN_COMMA = YES;
				CLANG_WARN_CONSTANT_CONVERSION = YES;
				CLANG_WARN_DEPRECATED_OBJC_IMPLEMENTATIONS = YES;
				CLANG_WARN_DIRECT_OBJC_ISA_USAGE = YES_ERROR;
				CLANG_WARN_DOCUMENTATION_COMMENTS = YES;
				CLANG_WARN_EMPTY_BODY = YES;
				CLANG_WARN_ENUM_CONVERSION = YES;
				CLANG_WARN_INFINITE_RECURSION = YES;
				CLANG_WARN_INT_CONVERSION = YES;
				CLANG_WARN_NON_LITERAL_NULL_CONVERSION = YES;
				CLANG_WARN_OBJC_IMPLICIT_RETAIN_SELF = YES;
				CLANG_WARN_OBJC_LITERAL_CONVERSION = YES;
				CLANG_WARN_OBJC_ROOT_CLASS = YES_ERROR;
				CLANG_WARN_QUOTED_INCLUDE_IN_FRAMEWORK_HEADER = YES;
				CLANG_WARN_RANGE_LOOP_ANALYSIS = YES;
				CLANG_WARN_STRICT_PROTOTYPES = YES;
				CLANG_WARN_SUSPICIOUS_MOVE = YES;
				CLANG_WARN_UNGUARDED_AVAILABILITY = YES_AGGRESSIVE;
				CLANG_WARN_UNREACHABLE_CODE = YES;
				CLANG_WARN__DUPLICATE_METHOD_MATCH = YES;
				COPY_PHASE_STRIP = NO;
				DEBUG_INFORMATION_FORMAT = dwarf;
				ENABLE_STRICT_OBJC_MSGSEND = YES;
				ENABLE_TESTABILITY = YES;
				GCC_C_LANGUAGE_STANDARD = gnu11;
				GCC_DYNAMIC_NO_PIC = NO;
				GCC_NO_COMMON_BLOCKS = YES;
				GCC_OPTIMIZATION_LEVEL = 0;
				GCC_PREPROCESSOR_DEFINITIONS = (
					"DEBUG=1",
					"$(inherited)",
				);
				GCC_WARN_64_TO_32_BIT_CONVERSION = YES;
				GCC_WARN_ABOUT_RETURN_TYPE = YES_ERROR;
				GCC_WARN_UNDECLARED_SELECTOR = YES;
				GCC_WARN_UNINITIALIZED_AUTOS = YES_AGGRESSIVE;
				GCC_WARN_UNUSED_FUNCTION = YES;
				GCC_WARN_UNUSED_VARIABLE = YES;
				IPHONEOS_DEPLOYMENT_TARGET = 15.5;
				MTL_ENABLE_DEBUG_INFO = INCLUDE_SOURCE;
				MTL_FAST_MATH = YES;
				ONLY_ACTIVE_ARCH = YES;
				SDKROOT = iphoneos;
				SWIFT_ACTIVE_COMPILATION_CONDITIONS = DEBUG;
				SWIFT_OPTIMIZATION_LEVEL = "-Onone";
			};
			name = Debug;
		};
		AE77E68628C1342100F9A440 /* Release */ = {
			isa = XCBuildConfiguration;
			buildSettings = {
				ALWAYS_SEARCH_USER_PATHS = NO;
				CLANG_ANALYZER_NONNULL = YES;
				CLANG_ANALYZER_NUMBER_OBJECT_CONVERSION = YES_AGGRESSIVE;
				CLANG_CXX_LANGUAGE_STANDARD = "gnu++17";
				CLANG_ENABLE_MODULES = YES;
				CLANG_ENABLE_OBJC_ARC = YES;
				CLANG_ENABLE_OBJC_WEAK = YES;
				CLANG_WARN_BLOCK_CAPTURE_AUTORELEASING = YES;
				CLANG_WARN_BOOL_CONVERSION = YES;
				CLANG_WARN_COMMA = YES;
				CLANG_WARN_CONSTANT_CONVERSION = YES;
				CLANG_WARN_DEPRECATED_OBJC_IMPLEMENTATIONS = YES;
				CLANG_WARN_DIRECT_OBJC_ISA_USAGE = YES_ERROR;
				CLANG_WARN_DOCUMENTATION_COMMENTS = YES;
				CLANG_WARN_EMPTY_BODY = YES;
				CLANG_WARN_ENUM_CONVERSION = YES;
				CLANG_WARN_INFINITE_RECURSION = YES;
				CLANG_WARN_INT_CONVERSION = YES;
				CLANG_WARN_NON_LITERAL_NULL_CONVERSION = YES;
				CLANG_WARN_OBJC_IMPLICIT_RETAIN_SELF = YES;
				CLANG_WARN_OBJC_LITERAL_CONVERSION = YES;
				CLANG_WARN_OBJC_ROOT_CLASS = YES_ERROR;
				CLANG_WARN_QUOTED_INCLUDE_IN_FRAMEWORK_HEADER = YES;
				CLANG_WARN_RANGE_LOOP_ANALYSIS = YES;
				CLANG_WARN_STRICT_PROTOTYPES = YES;
				CLANG_WARN_SUSPICIOUS_MOVE = YES;
				CLANG_WARN_UNGUARDED_AVAILABILITY = YES_AGGRESSIVE;
				CLANG_WARN_UNREACHABLE_CODE = YES;
				CLANG_WARN__DUPLICATE_METHOD_MATCH = YES;
				COPY_PHASE_STRIP = NO;
				DEBUG_INFORMATION_FORMAT = "dwarf-with-dsym";
				ENABLE_NS_ASSERTIONS = NO;
				ENABLE_STRICT_OBJC_MSGSEND = YES;
				GCC_C_LANGUAGE_STANDARD = gnu11;
				GCC_NO_COMMON_BLOCKS = YES;
				GCC_WARN_64_TO_32_BIT_CONVERSION = YES;
				GCC_WARN_ABOUT_RETURN_TYPE = YES_ERROR;
				GCC_WARN_UNDECLARED_SELECTOR = YES;
				GCC_WARN_UNINITIALIZED_AUTOS = YES_AGGRESSIVE;
				GCC_WARN_UNUSED_FUNCTION = YES;
				GCC_WARN_UNUSED_VARIABLE = YES;
				IPHONEOS_DEPLOYMENT_TARGET = 15.5;
				MTL_ENABLE_DEBUG_INFO = NO;
				MTL_FAST_MATH = YES;
				SDKROOT = iphoneos;
				SWIFT_COMPILATION_MODE = wholemodule;
				SWIFT_OPTIMIZATION_LEVEL = "-O";
				VALIDATE_PRODUCT = YES;
			};
			name = Release;
		};
		AE77E68828C1342100F9A440 /* Debug */ = {
			isa = XCBuildConfiguration;
			baseConfigurationReference = 95929CCB3CBE6428F1DE9E14 /* Pods-ImageTracker.debug.xcconfig */;
			buildSettings = {
				ASSETCATALOG_COMPILER_APPICON_NAME = AppIcon;
				ASSETCATALOG_COMPILER_GLOBAL_ACCENT_COLOR_NAME = AccentColor;
				CODE_SIGN_STYLE = Automatic;
				CURRENT_PROJECT_VERSION = 1;
				DEVELOPMENT_TEAM = 7K5H82MGKM;
				GENERATE_INFOPLIST_FILE = YES;
				INFOPLIST_KEY_NSCameraUsageDescription = "";
				INFOPLIST_KEY_UIApplicationSupportsIndirectInputEvents = YES;
				INFOPLIST_KEY_UILaunchStoryboardName = LaunchScreen;
				INFOPLIST_KEY_UIMainStoryboardFile = Main;
				INFOPLIST_KEY_UIRequiredDeviceCapabilities = arkit;
				INFOPLIST_KEY_UIStatusBarHidden = YES;
				INFOPLIST_KEY_UISupportedInterfaceOrientations_iPad = "UIInterfaceOrientationPortrait UIInterfaceOrientationPortraitUpsideDown UIInterfaceOrientationLandscapeLeft UIInterfaceOrientationLandscapeRight";
				INFOPLIST_KEY_UISupportedInterfaceOrientations_iPhone = "UIInterfaceOrientationPortrait UIInterfaceOrientationLandscapeLeft UIInterfaceOrientationLandscapeRight";
				LD_RUNPATH_SEARCH_PATHS = (
					"$(inherited)",
					"@executable_path/Frameworks",
				);
				MARKETING_VERSION = 1.0;
				PRODUCT_BUNDLE_IDENTIFIER = kstu.ImageTracker;
				PRODUCT_NAME = "$(TARGET_NAME)";
				SWIFT_EMIT_LOC_STRINGS = YES;
				SWIFT_VERSION = 5.0;
				TARGETED_DEVICE_FAMILY = "1,2";
			};
			name = Debug;
		};
		AE77E68928C1342100F9A440 /* Release */ = {
			isa = XCBuildConfiguration;
			baseConfigurationReference = 632E755EDAB4003506F7B8D1 /* Pods-ImageTracker.release.xcconfig */;
			buildSettings = {
				ASSETCATALOG_COMPILER_APPICON_NAME = AppIcon;
				ASSETCATALOG_COMPILER_GLOBAL_ACCENT_COLOR_NAME = AccentColor;
				CODE_SIGN_STYLE = Automatic;
				CURRENT_PROJECT_VERSION = 1;
				DEVELOPMENT_TEAM = 7K5H82MGKM;
				GENERATE_INFOPLIST_FILE = YES;
				INFOPLIST_KEY_NSCameraUsageDescription = "";
				INFOPLIST_KEY_UIApplicationSupportsIndirectInputEvents = YES;
				INFOPLIST_KEY_UILaunchStoryboardName = LaunchScreen;
				INFOPLIST_KEY_UIMainStoryboardFile = Main;
				INFOPLIST_KEY_UIRequiredDeviceCapabilities = arkit;
				INFOPLIST_KEY_UIStatusBarHidden = YES;
				INFOPLIST_KEY_UISupportedInterfaceOrientations_iPad = "UIInterfaceOrientationPortrait UIInterfaceOrientationPortraitUpsideDown UIInterfaceOrientationLandscapeLeft UIInterfaceOrientationLandscapeRight";
				INFOPLIST_KEY_UISupportedInterfaceOrientations_iPhone = "UIInterfaceOrientationPortrait UIInterfaceOrientationLandscapeLeft UIInterfaceOrientationLandscapeRight";
				LD_RUNPATH_SEARCH_PATHS = (
					"$(inherited)",
					"@executable_path/Frameworks",
				);
				MARKETING_VERSION = 1.0;
				PRODUCT_BUNDLE_IDENTIFIER = kstu.ImageTracker;
				PRODUCT_NAME = "$(TARGET_NAME)";
				SWIFT_EMIT_LOC_STRINGS = YES;
				SWIFT_VERSION = 5.0;
				TARGETED_DEVICE_FAMILY = "1,2";
			};
			name = Release;
		};
/* End XCBuildConfiguration section */

/* Begin XCConfigurationList section */
		AE77E66F28C1342100F9A440 /* Build configuration list for PBXProject "ImageTracker" */ = {
			isa = XCConfigurationList;
			buildConfigurations = (
				AE77E68528C1342100F9A440 /* Debug */,
				AE77E68628C1342100F9A440 /* Release */,
			);
			defaultConfigurationIsVisible = 0;
			defaultConfigurationName = Release;
		};
		AE77E68728C1342100F9A440 /* Build configuration list for PBXNativeTarget "ImageTracker" */ = {
			isa = XCConfigurationList;
			buildConfigurations = (
				AE77E68828C1342100F9A440 /* Debug */,
				AE77E68928C1342100F9A440 /* Release */,
			);
			defaultConfigurationIsVisible = 0;
			defaultConfigurationName = Release;
		};
/* End XCConfigurationList section */
	};
	rootObject = AE77E66C28C1342100F9A440 /* Project object */;
}
